
Microsoft Visual Studio Solution File, Format Version 12.00
# Visual Studio 15
Project("{FAE04EC0-301F-11D3-BF4B-00C04F79EFBC}") = "BookListRazor", "BookListRazor\BookListRazor.csproj", "{7DEAE97D-EC44-4098-A051-9B45A9667BDF}"
EndProject
Global
	GlobalSection(SolutionConfigurationPlatforms) = preSolution
		Debug|Any CPU = Debug|Any CPU
		Release|Any CPU = Release|Any CPU
	EndGlobalSection
	GlobalSection(ProjectConfigurationPlatforms) = postSolution
		{7DEAE97D-EC44-4098-A051-9B45A9667BDF}.Debug|Any CPU.ActiveCfg = Debug|Any CPU
		{7DEAE97D-EC44-4098-A051-9B45A9667BDF}.Debug|Any CPU.Build.0 = Debug|Any CPU
		{7DEAE97D-EC44-4098-A051-9B45A9667BDF}.Release|Any CPU.ActiveCfg = Release|Any CPU
		{7DEAE97D-EC44-4098-A051-9B45A9667BDF}.Release|Any CPU.Build.0 = Release|Any CPU
	EndGlobalSection
EndGlobal
